
Microsoft Visual Studio Solution File, Format Version 12.00
# Visual Studio Version 17
VisualStudioVersion = 17.3.32901.215
MinimumVisualStudioVersion = 10.0.40219.1
Project("{FAE04EC0-301F-11D3-BF4B-00C04F79EFBC}") = "for döngüsü 4-", "for döngüsü 4-\for döngüsü 4-.csproj", "{81D04019-5CDE-447D-8A2E-BDEEFD01628C}"
EndProject
Global
	GlobalSection(SolutionConfigurationPlatforms) = preSolution
		Debug|Any CPU = Debug|Any CPU
		Release|Any CPU = Release|Any CPU
	EndGlobalSection
	GlobalSection(ProjectConfigurationPlatforms) = postSolution
		{81D04019-5CDE-447D-8A2E-BDEEFD01628C}.Debug|Any CPU.ActiveCfg = Debug|Any CPU
		{81D04019-5CDE-447D-8A2E-BDEEFD01628C}.Debug|Any CPU.Build.0 = Debug|Any CPU
		{81D04019-5CDE-447D-8A2E-BDEEFD01628C}.Release|Any CPU.ActiveCfg = Release|Any CPU
		{81D04019-5CDE-447D-8A2E-BDEEFD01628C}.Release|Any CPU.Build.0 = Release|Any CPU
	EndGlobalSection
	GlobalSection(SolutionProperties) = preSolution
		HideSolutionNode = FALSE
	EndGlobalSection
	GlobalSection(ExtensibilityGlobals) = postSolution
		SolutionGuid = {A463CDAB-095D-4C03-AF61-E48A77A99C47}
	EndGlobalSection
EndGlobal
